schema: '2.0'
stages:
  synth:
    cmd: python -m teleop_pipeline.cli synth --sessions 48 --seed 0
    deps:
    - path: src/teleop_pipeline/synthetic.py
      hash: md5
      md5: eb80affaa37ca7d3a6e40df6d9107331
      size: 10876
    params:
      params.yaml:
        ingest.raw_dir: data/raw
        robot:
          name: franka_panda_teleop
          n_joints: 7
          control_hz: 20.0
          joint_lower:
          - -2.8973
          - -1.7628
          - -2.8973
          - -3.0718
          - -2.8973
          - -0.0175
          - -2.8973
          joint_upper:
          - 2.8973
          - 1.7628
          - 2.8973
          - -0.0698
          - 2.8973
          - 3.7525
          - 2.8973
          action_limit: 0.08
    outs:
    - path: data/raw
      hash: md5
      md5: 32bdd432cad78fd054ca80e38e0a8645.dir
      size: 23633698
      nfiles: 337
  ingest:
    cmd: python -m teleop_pipeline.cli ingest
    deps:
    - path: data/raw
      hash: md5
      md5: 32bdd432cad78fd054ca80e38e0a8645.dir
      size: 23633698
      nfiles: 337
    - path: src/teleop_pipeline/ingest.py
      hash: md5
      md5: 083f90436ea7662a2fc2ac6602da0576
      size: 14471
    - path: src/teleop_pipeline/io.py
      hash: md5
      md5: 89b91b6ae2e9dd58bcb8541db9616eca
      size: 3643
    - path: src/teleop_pipeline/schema.py
      hash: md5
      md5: fb029cebe488b6aeb62855eb501ff5d7
      size: 6048
    params:
      params.yaml:
        ingest:
          raw_dir: data/raw
          episode_dir: data/interim/episodes
          quarantine_dir: data/quarantine
          resample: true
          max_gap_s: 0.25
        robot:
          name: franka_panda_teleop
          n_joints: 7
          control_hz: 20.0
          joint_lower:
          - -2.8973
          - -1.7628
          - -2.8973
          - -3.0718
          - -2.8973
          - -0.0175
          - -2.8973
          joint_upper:
          - 2.8973
          - 1.7628
          - 2.8973
          - -0.0698
          - 2.8973
          - 3.7525
          - 2.8973
          action_limit: 0.08
    outs:
    - path: data/interim/episodes
      hash: md5
      md5: fb24cab14a1739866fc3ce5612e376d3.dir
      size: 10343756
      nfiles: 627
  validate:
    cmd: python -m teleop_pipeline.cli validate --no-quarantine
    deps:
    - path: data/interim/episodes
      hash: md5
      md5: fb24cab14a1739866fc3ce5612e376d3.dir
      size: 10343756
      nfiles: 627
    - path: src/teleop_pipeline/validate.py
      hash: md5
      md5: 6684fe6326ba472388c551ee163d51ac
      size: 7715
    params:
      params.yaml:
        robot:
          name: franka_panda_teleop
          n_joints: 7
          control_hz: 20.0
          joint_lower:
          - -2.8973
          - -1.7628
          - -2.8973
          - -3.0718
          - -2.8973
          - -0.0175
          - -2.8973
          joint_upper:
          - 2.8973
          - 1.7628
          - 2.8973
          - -0.0698
          - 2.8973
          - 3.7525
          - 2.8973
          action_limit: 0.08
        validate:
          min_steps: 20
          max_steps: 6000
          max_nan_fraction: 0.02
          max_mean_dt_error: 0.35
    outs:
    - path: reports/validation.json
      hash: md5
      md5: 3248aa497b74a99a67349214744985c2
      size: 44370
  score:
    cmd: python -m teleop_pipeline.cli score
    deps:
    - path: data/interim/episodes
      hash: md5
      md5: fb24cab14a1739866fc3ce5612e376d3.dir
      size: 10343756
      nfiles: 627
    - path: src/teleop_pipeline/quality.py
      hash: md5
      md5: a92abf67fc3ab0cc20b2ebf6aa1b1068
      size: 13557
    params:
      params.yaml:
        quality:
          idle_speed_eps: 0.02
          jerk_spike_k: 12.0
          metrics:
            dropped_frame_rate:
              weight: 2.0
              good: 0.0
              bad: 0.1
              flag_at: 0.05
            timing_jitter:
              weight: 1.0
              good: 0.05
              bad: 0.4
              flag_at: 0.3
            nan_fraction:
              weight: 2.0
              good: 0.0
              bad: 0.05
              flag_at: 0.01
            idle_fraction:
              weight: 1.5
              good: 0.1
              bad: 0.6
              flag_at: 0.5
            action_saturation:
              weight: 1.5
              good: 0.02
              bad: 0.3
              flag_at: 0.2
            jerk_spike_rate:
              weight: 1.0
              good: 0.0
              bad: 0.05
              flag_at: 0.03
            gripper_chatter_hz:
              weight: 1.0
              good: 0.05
              bad: 1.0
              flag_at: 0.6
            tracking_error:
              weight: 2.0
              good: 0.002
              bad: 0.03
              flag_at: 0.02
            duration_zabs:
              weight: 0.5
              good: 0.5
              bad: 3.0
              flag_at: 2.5
          tiers:
            gold: 85.0
            silver: 65.0
          hard_reject:
            max_nan_fraction: 0.1
            max_dropped_frame_rate: 0.25
            min_steps: 20
        robot:
          name: franka_panda_teleop
          n_joints: 7
          control_hz: 20.0
          joint_lower:
          - -2.8973
          - -1.7628
          - -2.8973
          - -3.0718
          - -2.8973
          - -0.0175
          - -2.8973
          joint_upper:
          - 2.8973
          - 1.7628
          - 2.8973
          - -0.0698
          - 2.8973
          - 3.7525
          - 2.8973
          action_limit: 0.08
    outs:
    - path: reports/quality.json
      hash: md5
      md5: 59421853b496e173cb8ff9a4850574a4
      size: 504249
    - path: reports/quality_summary.json
      hash: md5
      md5: c7ddfcbedaa4a789a0fb3653a57896e6
      size: 549
  dataset:
    cmd: python -m teleop_pipeline.cli dataset
    deps:
    - path: data/interim/episodes
      hash: md5
      md5: fb24cab14a1739866fc3ce5612e376d3.dir
      size: 10343756
      nfiles: 627
    - path: reports/quality.json
      hash: md5
      md5: 59421853b496e173cb8ff9a4850574a4
      size: 504249
    - path: reports/validation.json
      hash: md5
      md5: 3248aa497b74a99a67349214744985c2
      size: 44370
    - path: src/teleop_pipeline/dataset.py
      hash: md5
      md5: abb22c064712df52e8d15b53497b3fd6
      size: 11721
    params:
      params.yaml:
        dataset:
          out_dir: data/processed
          min_tier: silver
          require_success: true
          val_fraction: 0.2
          split_on: session_id
          seed: 17
          obs_keys:
          - q
          - dq
          - ee_pos
          - ee_quat
          - grip
          - prev_act_q
          - prev_act_grip
          action_keys:
          - act_q
          - act_grip
        robot:
          name: franka_panda_teleop
          n_joints: 7
          control_hz: 20.0
          joint_lower:
          - -2.8973
          - -1.7628
          - -2.8973
          - -3.0718
          - -2.8973
          - -0.0175
          - -2.8973
          joint_upper:
          - 2.8973
          - 1.7628
          - 2.8973
          - -0.0698
          - 2.8973
          - 3.7525
          - 2.8973
          action_limit: 0.08
    outs:
    - path: data/processed
      hash: md5
      md5: e99b0f50b16bd1a3651b3a900ecdf948.dir
      size: 6233736
      nfiles: 3
  train:
    cmd: python -m teleop_pipeline.cli train
    deps:
    - path: data/processed
      hash: md5
      md5: e99b0f50b16bd1a3651b3a900ecdf948.dir
      size: 6233736
      nfiles: 3
    - path: src/teleop_pipeline/train.py
      hash: md5
      md5: 2e98b4a1db35e412128bb523272f862f
      size: 15021
    params:
      params.yaml:
        tracking:
          backend: mlflow
          uri: file:./mlruns
          experiment: teleop-pipeline-bc
        train:
          seed: 17
          hidden_sizes:
          - 256
          - 256
          dropout: 0.05
          lr: 0.0003
          weight_decay: 0.0001
          batch_size: 256
          epochs: 80
          action_horizon: 8
          early_stop_patience: 15
          device: auto
    outs:
    - path: artifacts/history.json
      hash: md5
      md5: 6f88379f3ba04c1ef095366d2c270897
      size: 3476
    - path: artifacts/lineage.json
      hash: md5
      md5: f4adb45fb5e54b0b3bd515d2b6d2e9e4
      size: 2137
    - path: artifacts/policy.pt
      hash: md5
      md5: 3188b2840f4fad4971f2ddb3664942e0
      size: 370677
    - path: artifacts/train_summary.json
      hash: md5
      md5: 73efc1a4a13ab700d5ebd914ddeb65a5
      size: 134
  evaluate:
    cmd: python -m teleop_pipeline.cli eval --split val
    deps:
    - path: artifacts/policy.pt
      hash: md5
      md5: 3188b2840f4fad4971f2ddb3664942e0
      size: 370677
    - path: data/processed
      hash: md5
      md5: e99b0f50b16bd1a3651b3a900ecdf948.dir
      size: 6233736
      nfiles: 3
    - path: src/teleop_pipeline/evaluate.py
      hash: md5
      md5: 6be56b4810a89531ac1c4eb1b9665f08
      size: 14575
    params:
      params.yaml:
        evaluate:
          rollout_horizons:
          - 1
          - 8
          - 32
          bootstrap_samples: 1000
          bootstrap_seed: 17
    outs:
    - path: reports/eval_val.json
      hash: md5
      md5: d6d5f1e05d3b8bac28848b4c258115fb
      size: 2744
    - path: reports/eval_val_metrics.json
      hash: md5
      md5: a3e79b330c8373a3a5d3d87d3f2945a3
      size: 511
  report:
    cmd: python -m teleop_pipeline.cli report
    deps:
    - path: reports/quality.json
      hash: md5
      md5: 59421853b496e173cb8ff9a4850574a4
      size: 504249
    - path: reports/validation.json
      hash: md5
      md5: 3248aa497b74a99a67349214744985c2
      size: 44370
    - path: src/teleop_pipeline/report.py
      hash: md5
      md5: a1deaf5bd182dd57ca560a4574173904
      size: 6309
    outs:
    - path: reports/data_quality.md
      hash: md5
      md5: ec692923cfe6a27a1c6ea8702ec20f8d
      size: 3390
